Microsoft Visual Studio Solution File, Format Version 8.00
Project("{8BC9CEB8-8B4A-11D0-8D11-00A0C91BC942}") = "LibId3", "LibId3.vcproj", "{9D10C31B-8162-4340-9AE2-2F043F3BAD1F}"
	ProjectSection(ProjectDependencies) = postProject
	EndProjectSection
EndProject
Global
	GlobalSection(SolutionConfiguration) = preSolution
		Debug = Debug
		Release = Release
	EndGlobalSection
	GlobalSection(ProjectConfiguration) = postSolution
		{9D10C31B-8162-4340-9AE2-2F043F3BAD1F}.Debug.ActiveCfg = Debug|Win32
		{9D10C31B-8162-4340-9AE2-2F043F3BAD1F}.Debug.Build.0 = Debug|Win32
		{9D10C31B-8162-4340-9AE2-2F043F3BAD1F}.Release.ActiveCfg = Release|Win32
		{9D10C31B-8162-4340-9AE2-2F043F3BAD1F}.Release.Build.0 = Release|Win32
	EndGlobalSection
	GlobalSection(ExtensibilityGlobals) = postSolution
	EndGlobalSection
	GlobalSection(ExtensibilityAddIns) = postSolution
	EndGlobalSection
EndGlobal
